// !$*UTF8*$!
{
	archiveVersion = 1;
	classes = {
	};
	objectVersion = 77;
	objects = {

/* Begin PBXBuildFile section */
		F39267132DD92BEC001990B0 /* DatadogCore in Frameworks */ = {isa = PBXBuildFile; productRef = F39267122DD92BEC001990B0 /* DatadogCore */; };
		F39267152DD92BEC001990B0 /* DatadogCrashReporting in Frameworks */ = {isa = PBXBuildFile; productRef = F39267142DD92BEC001990B0 /* DatadogCrashReporting */; };
		F39267172DD92BEC001990B0 /* DatadogLogs in Frameworks */ = {isa = PBXBuildFile; productRef = F39267162DD92BEC001990B0 /* DatadogLogs */; };
		F39267192DD92BEC001990B0 /* DatadogRUM in Frameworks */ = {isa = PBXBuildFile; productRef = F39267182DD92BEC001990B0 /* DatadogRUM */; };
/* End PBXBuildFile section */

/* Begin PBXContainerItemProxy section */
		F3083EE52DCEA75A00CFDCB5 /* PBXContainerItemProxy */ = {
			isa = PBXContainerItemProxy;
			containerPortal = F3083ECC2DCEA75900CFDCB5 /* Project object */;
			proxyType = 1;
			remoteGlobalIDString = F3083ED32DCEA75900CFDCB5;
			remoteInfo = "simply-swifty-logging";
		};
		F3083EEF2DCEA75A00CFDCB5 /* PBXContainerItemProxy */ = {
			isa = PBXContainerItemProxy;
			containerPortal = F3083ECC2DCEA75900CFDCB5 /* Project object */;
			proxyType = 1;
			remoteGlobalIDString = F3083ED32DCEA75900CFDCB5;
			remoteInfo = "simply-swifty-logging";
		};
/* End PBXContainerItemProxy section */

/* Begin PBXFileReference section */
		F3083ED42DCEA75900CFDCB5 /* simply-swifty-logging.app */ = {isa = PBXFileReference; explicitFileType = wrapper.application; includeInIndex = 0; path = "simply-swifty-logging.app"; sourceTree = BUILT_PRODUCTS_DIR; };
		F3083EE42DCEA75A00CFDCB5 /* simply-swifty-loggingTests.xctest */ = {isa = PBXFileReference; explicitFileType = wrapper.cfbundle; includeInIndex = 0; path = "simply-swifty-loggingTests.xctest"; sourceTree = BUILT_PRODUCTS_DIR; };
		F3083EEE2DCEA75A00CFDCB5 /* simply-swifty-loggingUITests.xctest */ = {isa = PBXFileReference; explicitFileType = wrapper.cfbundle; includeInIndex = 0; path = "simply-swifty-loggingUITests.xctest"; sourceTree = BUILT_PRODUCTS_DIR; };
/* End PBXFileReference section */

/* Begin PBXFileSystemSynchronizedRootGroup section */
		F3083ED62DCEA75900CFDCB5 /* simply-swifty-logging */ = {
			isa = PBXFileSystemSynchronizedRootGroup;
			path = "simply-swifty-logging";
			sourceTree = "<group>";
		};
		F3083EE72DCEA75A00CFDCB5 /* simply-swifty-loggingTests */ = {
			isa = PBXFileSystemSynchronizedRootGroup;
			path = "simply-swifty-loggingTests";
			sourceTree = "<group>";
		};
		F3083EF12DCEA75A00CFDCB5 /* simply-swifty-loggingUITests */ = {
			isa = PBXFileSystemSynchronizedRootGroup;
			path = "simply-swifty-loggingUITests";
			sourceTree = "<group>";
		};
/* End PBXFileSystemSynchronizedRootGroup section */

/* Begin PBXFrameworksBuildPhase section */
		F3083ED12DCEA75900CFDCB5 /* Frameworks */ = {
			isa = PBXFrameworksBuildPhase;
			buildActionMask = 2147483647;
			files = (
				F39267152DD92BEC001990B0 /* DatadogCrashReporting in Frameworks */,
				F39267172DD92BEC001990B0 /* DatadogLogs in Frameworks */,
				F39267192DD92BEC001990B0 /* DatadogRUM in Frameworks */,
				F39267132DD92BEC001990B0 /* DatadogCore in Frameworks */,
			);
			runOnlyForDeploymentPostprocessing = 0;
		};
		F3083EE12DCEA75A00CFDCB5 /* Frameworks */ = {
			isa = PBXFrameworksBuildPhase;
			buildActionMask = 2147483647;
			files = (
			);
			runOnlyForDeploymentPostprocessing = 0;
		};
		F3083EEB2DCEA75A00CFDCB5 /* Frameworks */ = {
			isa = PBXFrameworksBuildPhase;
			buildActionMask = 2147483647;
			files = (
			);
			runOnlyForDeploymentPostprocessing = 0;
		};
/* End PBXFrameworksBuildPhase section */

/* Begin PBXGroup section */
		F3083ECB2DCEA75900CFDCB5 = {
			isa = PBXGroup;
			children = (
				F3083ED62DCEA75900CFDCB5 /* simply-swifty-logging */,
				F3083EE72DCEA75A00CFDCB5 /* simply-swifty-loggingTests */,
				F3083EF12DCEA75A00CFDCB5 /* simply-swifty-loggingUITests */,
				F3083ED52DCEA75900CFDCB5 /* Products */,
			);
			sourceTree = "<group>";
		};
		F3083ED52DCEA75900CFDCB5 /* Products */ = {
			isa = PBXGroup;
			children = (
				F3083ED42DCEA75900CFDCB5 /* simply-swifty-logging.app */,
				F3083EE42DCEA75A00CFDCB5 /* simply-swifty-loggingTests.xctest */,
				F3083EEE2DCEA75A00CFDCB5 /* simply-swifty-loggingUITests.xctest */,
			);
			name = Products;
			sourceTree = "<group>";
		};
/* End PBXGroup section */

/* Begin PBXNativeTarget section */
		F3083ED32DCEA75900CFDCB5 /* simply-swifty-logging */ = {
			isa = PBXNativeTarget;
			buildConfigurationList = F3083EF82DCEA75A00CFDCB5 /* Build configuration list for PBXNativeTarget "simply-swifty-logging" */;
			buildPhases = (
				F3083ED02DCEA75900CFDCB5 /* Sources */,
				F3083ED12DCEA75900CFDCB5 /* Frameworks */,
				F3083ED22DCEA75900CFDCB5 /* Resources */,
			);
			buildRules = (
			);
			dependencies = (
			);
			fileSystemSynchronizedGroups = (
				F3083ED62DCEA75900CFDCB5 /* simply-swifty-logging */,
			);
			name = "simply-swifty-logging";
			packageProductDependencies = (
				F39267122DD92BEC001990B0 /* DatadogCore */,
				F39267142DD92BEC001990B0 /* DatadogCrashReporting */,
				F39267162DD92BEC001990B0 /* DatadogLogs */,
				F39267182DD92BEC001990B0 /* DatadogRUM */,
			);
			productName = "simply-swifty-logging";
			productReference = F3083ED42DCEA75900CFDCB5 /* simply-swifty-logging.app */;
			productType = "com.apple.product-type.application";
		};
		F3083EE32DCEA75A00CFDCB5 /* simply-swifty-loggingTests */ = {
			isa = PBXNativeTarget;
			buildConfigurationList = F3083EFB2DCEA75A00CFDCB5 /* Build configuration list for PBXNativeTarget "simply-swifty-loggingTests" */;
			buildPhases = (
				F3083EE02DCEA75A00CFDCB5 /* Sources */,
				F3083EE12DCEA75A00CFDCB5 /* Frameworks */,
				F3083EE22DCEA75A00CFDCB5 /* Resources */,
			);
			buildRules = (
			);
			dependencies = (
				F3083EE62DCEA75A00CFDCB5 /* PBXTargetDependency */,
			);
			fileSystemSynchronizedGroups = (
				F3083EE72DCEA75A00CFDCB5 /* simply-swifty-loggingTests */,
			);
			name = "simply-swifty-loggingTests";
			packageProductDependencies = (
			);
			productName = "simply-swifty-loggingTests";
			productReference = F3083EE42DCEA75A00CFDCB5 /* simply-swifty-loggingTests.xctest */;
			productType = "com.apple.product-type.bundle.unit-test";
		};
		F3083EED2DCEA75A00CFDCB5 /* simply-swifty-loggingUITests */ = {
			isa = PBXNativeTarget;
			buildConfigurationList = F3083EFE2DCEA75A00CFDCB5 /* Build configuration list for PBXNativeTarget "simply-swifty-loggingUITests" */;
			buildPhases = (
				F3083EEA2DCEA75A00CFDCB5 /* Sources */,
				F3083EEB2DCEA75A00CFDCB5 /* Frameworks */,
				F3083EEC2DCEA75A00CFDCB5 /* Resources */,
			);
			buildRules = (
			);
			dependencies = (
				F3083EF02DCEA75A00CFDCB5 /* PBXTargetDependency */,
			);
			fileSystemSynchronizedGroups = (
				F3083EF12DCEA75A00CFDCB5 /* simply-swifty-loggingUITests */,
			);
			name = "simply-swifty-loggingUITests";
			packageProductDependencies = (
			);
			productName = "simply-swifty-loggingUITests";
			productReference = F3083EEE2DCEA75A00CFDCB5 /* simply-swifty-loggingUITests.xctest */;
			productType = "com.apple.product-type.bundle.ui-testing";
		};
/* End PBXNativeTarget section */

/* Begin PBXProject section */
		F3083ECC2DCEA75900CFDCB5 /* Project object */ = {
			isa = PBXProject;
			attributes = {
				BuildIndependentTargetsInParallel = 1;
				LastSwiftUpdateCheck = 1620;
				LastUpgradeCheck = 1620;
				TargetAttributes = {
					F3083ED32DCEA75900CFDCB5 = {
						CreatedOnToolsVersion = 16.2;
					};
					F3083EE32DCEA75A00CFDCB5 = {
						CreatedOnToolsVersion = 16.2;
						TestTargetID = F3083ED32DCEA75900CFDCB5;
					};
					F3083EED2DCEA75A00CFDCB5 = {
						CreatedOnToolsVersion = 16.2;
						TestTargetID = F3083ED32DCEA75900CFDCB5;
					};
				};
			};
			buildConfigurationList = F3083ECF2DCEA75900CFDCB5 /* Build configuration list for PBXProject "simply-swifty-logging" */;
			developmentRegion = en;
			hasScannedForEncodings = 0;
			knownRegions = (
				en,
				Base,
			);
			mainGroup = F3083ECB2DCEA75900CFDCB5;
			minimizedProjectReferenceProxies = 1;
			packageReferences = (
				F39267112DD92BEC001990B0 /* XCRemoteSwiftPackageReference "dd-sdk-ios" */,
			);
			preferredProjectObjectVersion = 77;
			productRefGroup = F3083ED52DCEA75900CFDCB5 /* Products */;
			projectDirPath = "";
			projectRoot = "";
			targets = (
				F3083ED32DCEA75900CFDCB5 /* simply-swifty-logging */,
				F3083EE32DCEA75A00CFDCB5 /* simply-swifty-loggingTests */,
				F3083EED2DCEA75A00CFDCB5 /* simply-swifty-loggingUITests */,
			);
		};
/* End PBXProject section */

/* Begin PBXResourcesBuildPhase section */
		F3083ED22DCEA75900CFDCB5 /* Resources */ = {
			isa = PBXResourcesBuildPhase;
			buildActionMask = 2147483647;
			files = (
			);
			runOnlyForDeploymentPostprocessing = 0;
		};
		F3083EE22DCEA75A00CFDCB5 /* Resources */ = {
			isa = PBXResourcesBuildPhase;
			buildActionMask = 2147483647;
			files = (
			);
			runOnlyForDeploymentPostprocessing = 0;
		};
		F3083EEC2DCEA75A00CFDCB5 /* Resources */ = {
			isa = PBXResourcesBuildPhase;
			buildActionMask = 2147483647;
			files = (
			);
			runOnlyForDeploymentPostprocessing = 0;
		};
/* End PBXResourcesBuildPhase section */

/* Begin PBXSourcesBuildPhase section */
		F3083ED02DCEA75900CFDCB5 /* Sources */ = {
			isa = PBXSourcesBuildPhase;
			buildActionMask = 2147483647;
			files = (
			);
			runOnlyForDeploymentPostprocessing = 0;
		};
		F3083EE02DCEA75A00CFDCB5 /* Sources */ = {
			isa = PBXSourcesBuildPhase;
			buildActionMask = 2147483647;
			files = (
			);
			runOnlyForDeploymentPostprocessing = 0;
		};
		F3083EEA2DCEA75A00CFDCB5 /* Sources */ = {
			isa = PBXSourcesBuildPhase;
			buildActionMask = 2147483647;
			files = (
			);
			runOnlyForDeploymentPostprocessing = 0;
		};
/* End PBXSourcesBuildPhase section */

/* Begin PBXTargetDependency section */
		F3083EE62DCEA75A00CFDCB5 /* PBXTargetDependency */ = {
			isa = PBXTargetDependency;
			target = F3083ED32DCEA75900CFDCB5 /* simply-swifty-logging */;
			targetProxy = F3083EE52DCEA75A00CFDCB5 /* PBXContainerItemProxy */;
		};
		F3083EF02DCEA75A00CFDCB5 /* PBXTargetDependency */ = {
			isa = PBXTargetDependency;
			target = F3083ED32DCEA75900CFDCB5 /* simply-swifty-logging */;
			targetProxy = F3083EEF2DCEA75A00CFDCB5 /* PBXContainerItemProxy */;
		};
/* End PBXTargetDependency section */

/* Begin XCBuildConfiguration section */
		F3083EF62DCEA75A00CFDCB5 /* Debug */ = {
			isa = XCBuildConfiguration;
			buildSettings = {
				ALWAYS_SEARCH_USER_PATHS = NO;
				ASSETCATALOG_COMPILER_GENERATE_SWIFT_ASSET_SYMBOL_EXTENSIONS = YES;
				CLANG_ANALYZER_NONNULL = YES;
				CLANG_ANALYZER_NUMBER_OBJECT_CONVERSION = YES_AGGRESSIVE;
				CLANG_CXX_LANGUAGE_STANDARD = "gnu++20";
				CLANG_ENABLE_MODULES = YES;
				CLANG_ENABLE_OBJC_ARC = YES;
				CLANG_ENABLE_OBJC_WEAK = YES;
				CLANG_WARN_BLOCK_CAPTURE_AUTORELEASING = YES;
				CLANG_WARN_BOOL_CONVERSION = YES;
				CLANG_WARN_COMMA = YES;
				CLANG_WARN_CONSTANT_CONVERSION = YES;
				CLANG_WARN_DEPRECATED_OBJC_IMPLEMENTATIONS = YES;
				CLANG_WARN_DIRECT_OBJC_ISA_USAGE = YES_ERROR;
				CLANG_WARN_DOCUMENTATION_COMMENTS = YES;
				CLANG_WARN_EMPTY_BODY = YES;
				CLANG_WARN_ENUM_CONVERSION = YES;
				CLANG_WARN_INFINITE_RECURSION = YES;
				CLANG_WARN_INT_CONVERSION = YES;
				CLANG_WARN_NON_LITERAL_NULL_CONVERSION = YES;
				CLANG_WARN_OBJC_IMPLICIT_RETAIN_SELF = YES;
				CLANG_WARN_OBJC_LITERAL_CONVERSION = YES;
				CLANG_WARN_OBJC_ROOT_CLASS = YES_ERROR;
				CLANG_WARN_QUOTED_INCLUDE_IN_FRAMEWORK_HEADER = YES;
				CLANG_WARN_RANGE_LOOP_ANALYSIS = YES;
				CLANG_WARN_STRICT_PROTOTYPES = YES;
				CLANG_WARN_SUSPICIOUS_MOVE = YES;
				CLANG_WARN_UNGUARDED_AVAILABILITY = YES_AGGRESSIVE;
				CLANG_WARN_UNREACHABLE_CODE = YES;
				CLANG_WARN__DUPLICATE_METHOD_MATCH = YES;
				COPY_PHASE_STRIP = NO;
				DEBUG_INFORMATION_FORMAT = dwarf;
				ENABLE_STRICT_OBJC_MSGSEND = YES;
				ENABLE_TESTABILITY = YES;
				ENABLE_USER_SCRIPT_SANDBOXING = YES;
				GCC_C_LANGUAGE_STANDARD = gnu17;
				GCC_DYNAMIC_NO_PIC = NO;
				GCC_NO_COMMON_BLOCKS = YES;
				GCC_OPTIMIZATION_LEVEL = 0;
				GCC_PREPROCESSOR_DEFINITIONS = (
					"DEBUG=1",
					"$(inherited)",
				);
				GCC_WARN_64_TO_32_BIT_CONVERSION = YES;
				GCC_WARN_ABOUT_RETURN_TYPE = YES_ERROR;
				GCC_WARN_UNDECLARED_SELECTOR = YES;
				GCC_WARN_UNINITIALIZED_AUTOS = YES_AGGRESSIVE;
				GCC_WARN_UNUSED_FUNCTION = YES;
				GCC_WARN_UNUSED_VARIABLE = YES;
				IPHONEOS_DEPLOYMENT_TARGET = 18.2;
				LOCALIZATION_PREFERS_STRING_CATALOGS = YES;
				MTL_ENABLE_DEBUG_INFO = INCLUDE_SOURCE;
				MTL_FAST_MATH = YES;
				ONLY_ACTIVE_ARCH = YES;
				SDKROOT = iphoneos;
				SWIFT_ACTIVE_COMPILATION_CONDITIONS = "DEBUG $(inherited)";
				SWIFT_OPTIMIZATION_LEVEL = "-Onone";
			};
			name = Debug;
		};
		F3083EF72DCEA75A00CFDCB5 /* Release */ = {
			isa = XCBuildConfiguration;
			buildSettings = {
				ALWAYS_SEARCH_USER_PATHS = NO;
				ASSETCATALOG_COMPILER_GENERATE_SWIFT_ASSET_SYMBOL_EXTENSIONS = YES;
				CLANG_ANALYZER_NONNULL = YES;
				CLANG_ANALYZER_NUMBER_OBJECT_CONVERSION = YES_AGGRESSIVE;
				CLANG_CXX_LANGUAGE_STANDARD = "gnu++20";
				CLANG_ENABLE_MODULES = YES;
				CLANG_ENABLE_OBJC_ARC = YES;
				CLANG_ENABLE_OBJC_WEAK = YES;
				CLANG_WARN_BLOCK_CAPTURE_AUTORELEASING = YES;
				CLANG_WARN_BOOL_CONVERSION = YES;
				CLANG_WARN_COMMA = YES;
				CLANG_WARN_CONSTANT_CONVERSION = YES;
				CLANG_WARN_DEPRECATED_OBJC_IMPLEMENTATIONS = YES;
				CLANG_WARN_DIRECT_OBJC_ISA_USAGE = YES_ERROR;
				CLANG_WARN_DOCUMENTATION_COMMENTS = YES;
				CLANG_WARN_EMPTY_BODY = YES;
				CLANG_WARN_ENUM_CONVERSION = YES;
				CLANG_WARN_INFINITE_RECURSION = YES;
				CLANG_WARN_INT_CONVERSION = YES;
				CLANG_WARN_NON_LITERAL_NULL_CONVERSION = YES;
				CLANG_WARN_OBJC_IMPLICIT_RETAIN_SELF = YES;
				CLANG_WARN_OBJC_LITERAL_CONVERSION = YES;
				CLANG_WARN_OBJC_ROOT_CLASS = YES_ERROR;
				CLANG_WARN_QUOTED_INCLUDE_IN_FRAMEWORK_HEADER = YES;
				CLANG_WARN_RANGE_LOOP_ANALYSIS = YES;
				CLANG_WARN_STRICT_PROTOTYPES = YES;
				CLANG_WARN_SUSPICIOUS_MOVE = YES;
				CLANG_WARN_UNGUARDED_AVAILABILITY = YES_AGGRESSIVE;
				CLANG_WARN_UNREACHABLE_CODE = YES;
				CLANG_WARN__DUPLICATE_METHOD_MATCH = YES;
				COPY_PHASE_STRIP = NO;
				DEBUG_INFORMATION_FORMAT = "dwarf-with-dsym";
				ENABLE_NS_ASSERTIONS = NO;
				ENABLE_STRICT_OBJC_MSGSEND = YES;
				ENABLE_USER_SCRIPT_SANDBOXING = YES;
				GCC_C_LANGUAGE_STANDARD = gnu17;
				GCC_NO_COMMON_BLOCKS = YES;
				GCC_WARN_64_TO_32_BIT_CONVERSION = YES;
				GCC_WARN_ABOUT_RETURN_TYPE = YES_ERROR;
				GCC_WARN_UNDECLARED_SELECTOR = YES;
				GCC_WARN_UNINITIALIZED_AUTOS = YES_AGGRESSIVE;
				GCC_WARN_UNUSED_FUNCTION = YES;
				GCC_WARN_UNUSED_VARIABLE = YES;
				IPHONEOS_DEPLOYMENT_TARGET = 18.2;
				LOCALIZATION_PREFERS_STRING_CATALOGS = YES;
				MTL_ENABLE_DEBUG_INFO = NO;
				MTL_FAST_MATH = YES;
				SDKROOT = iphoneos;
				SWIFT_COMPILATION_MODE = wholemodule;
				VALIDATE_PRODUCT = YES;
			};
			name = Release;
		};
		F3083EF92DCEA75A00CFDCB5 /* Debug */ = {
			isa = XCBuildConfiguration;
			buildSettings = {
				ASSETCATALOG_COMPILER_APPICON_NAME = AppIcon;
				ASSETCATALOG_COMPILER_GLOBAL_ACCENT_COLOR_NAME = AccentColor;
				CODE_SIGN_STYLE = Automatic;
				CURRENT_PROJECT_VERSION = 1;
				DEVELOPMENT_ASSET_PATHS = "\"simply-swifty-logging/Preview Content\"";
				DEVELOPMENT_TEAM = BJA9558E4B;
				ENABLE_PREVIEWS = YES;
				GENERATE_INFOPLIST_FILE = YES;
				INFOPLIST_KEY_UIApplicationSceneManifest_Generation = YES;
				INFOPLIST_KEY_UIApplicationSupportsIndirectInputEvents = YES;
				INFOPLIST_KEY_UILaunchScreen_Generation = YES;
				INFOPLIST_KEY_UISupportedInterfaceOrientations_iPad = "UIInterfaceOrientationPortrait UIInterfaceOrientationPortraitUpsideDown UIInterfaceOrientationLandscapeLeft UIInterfaceOrientationLandscapeRight";
				INFOPLIST_KEY_UISupportedInterfaceOrientations_iPhone = "UIInterfaceOrientationPortrait UIInterfaceOrientationLandscapeLeft UIInterfaceOrientationLandscapeRight";
				LD_RUNPATH_SEARCH_PATHS = (
					"$(inherited)",
					"@executable_path/Frameworks",
				);
				MARKETING_VERSION = 1.0;
				PRODUCT_BUNDLE_IDENTIFIER = "thrashingcode.simply-swifty-logging";
				PRODUCT_NAME = "$(TARGET_NAME)";
				SWIFT_EMIT_LOC_STRINGS = YES;
				SWIFT_VERSION = 5.0;
				TARGETED_DEVICE_FAMILY = "1,2";
			};
			name = Debug;
		};
		F3083EFA2DCEA75A00CFDCB5 /* Release */ = {
			isa = XCBuildConfiguration;
			buildSettings = {
				ASSETCATALOG_COMPILER_APPICON_NAME = AppIcon;
				ASSETCATALOG_COMPILER_GLOBAL_ACCENT_COLOR_NAME = AccentColor;
				CODE_SIGN_STYLE = Automatic;
				CURRENT_PROJECT_VERSION = 1;
				DEVELOPMENT_ASSET_PATHS = "\"simply-swifty-logging/Preview Content\"";
				DEVELOPMENT_TEAM = BJA9558E4B;
				ENABLE_PREVIEWS = YES;
				GENERATE_INFOPLIST_FILE = YES;
				INFOPLIST_KEY_UIApplicationSceneManifest_Generation = YES;
				INFOPLIST_KEY_UIApplicationSupportsIndirectInputEvents = YES;
				INFOPLIST_KEY_UILaunchScreen_Generation = YES;
				INFOPLIST_KEY_UISupportedInterfaceOrientations_iPad = "UIInterfaceOrientationPortrait UIInterfaceOrientationPortraitUpsideDown UIInterfaceOrientationLandscapeLeft UIInterfaceOrientationLandscapeRight";
				INFOPLIST_KEY_UISupportedInterfaceOrientations_iPhone = "UIInterfaceOrientationPortrait UIInterfaceOrientationLandscapeLeft UIInterfaceOrientationLandscapeRight";
				LD_RUNPATH_SEARCH_PATHS = (
					"$(inherited)",
					"@executable_path/Frameworks",
				);
				MARKETING_VERSION = 1.0;
				PRODUCT_BUNDLE_IDENTIFIER = "thrashingcode.simply-swifty-logging";
				PRODUCT_NAME = "$(TARGET_NAME)";
				SWIFT_EMIT_LOC_STRINGS = YES;
				SWIFT_VERSION = 5.0;
				TARGETED_DEVICE_FAMILY = "1,2";
			};
			name = Release;
		};
		F3083EFC2DCEA75A00CFDCB5 /* Debug */ = {
			isa = XCBuildConfiguration;
			buildSettings = {
				BUNDLE_LOADER = "$(TEST_HOST)";
				CODE_SIGN_STYLE = Automatic;
				CURRENT_PROJECT_VERSION = 1;
				DEVELOPMENT_TEAM = BJA9558E4B;
				GENERATE_INFOPLIST_FILE = YES;
				IPHONEOS_DEPLOYMENT_TARGET = 18.2;
				MARKETING_VERSION = 1.0;
				PRODUCT_BUNDLE_IDENTIFIER = "thrashingcode.simply-swifty-loggingTests";
				PRODUCT_NAME = "$(TARGET_NAME)";
				SWIFT_EMIT_LOC_STRINGS = NO;
				SWIFT_VERSION = 5.0;
				TARGETED_DEVICE_FAMILY = "1,2";
				TEST_HOST = "$(BUILT_PRODUCTS_DIR)/simply-swifty-logging.app/$(BUNDLE_EXECUTABLE_FOLDER_PATH)/simply-swifty-logging";
			};
			name = Debug;
		};
		F3083EFD2DCEA75A00CFDCB5 /* Release */ = {
			isa = XCBuildConfiguration;
			buildSettings = {
				BUNDLE_LOADER = "$(TEST_HOST)";
				CODE_SIGN_STYLE = Automatic;
				CURRENT_PROJECT_VERSION = 1;
				DEVELOPMENT_TEAM = BJA9558E4B;
				GENERATE_INFOPLIST_FILE = YES;
				IPHONEOS_DEPLOYMENT_TARGET = 18.2;
				MARKETING_VERSION = 1.0;
				PRODUCT_BUNDLE_IDENTIFIER = "thrashingcode.simply-swifty-loggingTests";
				PRODUCT_NAME = "$(TARGET_NAME)";
				SWIFT_EMIT_LOC_STRINGS = NO;
				SWIFT_VERSION = 5.0;
				TARGETED_DEVICE_FAMILY = "1,2";
				TEST_HOST = "$(BUILT_PRODUCTS_DIR)/simply-swifty-logging.app/$(BUNDLE_EXECUTABLE_FOLDER_PATH)/simply-swifty-logging";
			};
			name = Release;
		};
		F3083EFF2DCEA75A00CFDCB5 /* Debug */ = {
			isa = XCBuildConfiguration;
			buildSettings = {
				CODE_SIGN_STYLE = Automatic;
				CURRENT_PROJECT_VERSION = 1;
				DEVELOPMENT_TEAM = BJA9558E4B;
				GENERATE_INFOPLIST_FILE = YES;
				MARKETING_VERSION = 1.0;
				PRODUCT_BUNDLE_IDENTIFIER = "thrashingcode.simply-swifty-loggingUITests";
				PRODUCT_NAME = "$(TARGET_NAME)";
				SWIFT_EMIT_LOC_STRINGS = NO;
				SWIFT_VERSION = 5.0;
				TARGETED_DEVICE_FAMILY = "1,2";
				TEST_TARGET_NAME = "simply-swifty-logging";
			};
			name = Debug;
		};
		F3083F002DCEA75A00CFDCB5 /* Release */ = {
			isa = XCBuildConfiguration;
			buildSettings = {
				CODE_SIGN_STYLE = Automatic;
				CURRENT_PROJECT_VERSION = 1;
				DEVELOPMENT_TEAM = BJA9558E4B;
				GENERATE_INFOPLIST_FILE = YES;
				MARKETING_VERSION = 1.0;
				PRODUCT_BUNDLE_IDENTIFIER = "thrashingcode.simply-swifty-loggingUITests";
				PRODUCT_NAME = "$(TARGET_NAME)";
				SWIFT_EMIT_LOC_STRINGS = NO;
				SWIFT_VERSION = 5.0;
				TARGETED_DEVICE_FAMILY = "1,2";
				TEST_TARGET_NAME = "simply-swifty-logging";
			};
			name = Release;
		};
/* End XCBuildConfiguration section */

/* Begin XCConfigurationList section */
		F3083ECF2DCEA75900CFDCB5 /* Build configuration list for PBXProject "simply-swifty-logging" */ = {
			isa = XCConfigurationList;
			buildConfigurations = (
				F3083EF62DCEA75A00CFDCB5 /* Debug */,
				F3083EF72DCEA75A00CFDCB5 /* Release */,
			);
			defaultConfigurationIsVisible = 0;
			defaultConfigurationName = Release;
		};
		F3083EF82DCEA75A00CFDCB5 /* Build configuration list for PBXNativeTarget "simply-swifty-logging" */ = {
			isa = XCConfigurationList;
			buildConfigurations = (
				F3083EF92DCEA75A00CFDCB5 /* Debug */,
				F3083EFA2DCEA75A00CFDCB5 /* Release */,
			);
			defaultConfigurationIsVisible = 0;
			defaultConfigurationName = Release;
		};
		F3083EFB2DCEA75A00CFDCB5 /* Build configuration list for PBXNativeTarget "simply-swifty-loggingTests" */ = {
			isa = XCConfigurationList;
			buildConfigurations = (
				F3083EFC2DCEA75A00CFDCB5 /* Debug */,
				F3083EFD2DCEA75A00CFDCB5 /* Release */,
			);
			defaultConfigurationIsVisible = 0;
			defaultConfigurationName = Release;
		};
		F3083EFE2DCEA75A00CFDCB5 /* Build configuration list for PBXNativeTarget "simply-swifty-loggingUITests" */ = {
			isa = XCConfigurationList;
			buildConfigurations = (
				F3083EFF2DCEA75A00CFDCB5 /* Debug */,
				F3083F002DCEA75A00CFDCB5 /* Release */,
			);
			defaultConfigurationIsVisible = 0;
			defaultConfigurationName = Release;
		};
/* End XCConfigurationList section */

/* Begin XCRemoteSwiftPackageReference section */
		F39267112DD92BEC001990B0 /* XCRemoteSwiftPackageReference "dd-sdk-ios" */ = {
			isa = XCRemoteSwiftPackageReference;
			repositoryURL = "https://github.com/DataDog/dd-sdk-ios";
			requirement = {
				kind = upToNextMajorVersion;
				minimumVersion = 2.27.0;
			};
		};
/* End XCRemoteSwiftPackageReference section */

/* Begin XCSwiftPackageProductDependency section */
		F39267122DD92BEC001990B0 /* DatadogCore */ = {
			isa = XCSwiftPackageProductDependency;
			package = F39267112DD92BEC001990B0 /* XCRemoteSwiftPackageReference "dd-sdk-ios" */;
			productName = DatadogCore;
		};
		F39267142DD92BEC001990B0 /* DatadogCrashReporting */ = {
			isa = XCSwiftPackageProductDependency;
			package = F39267112DD92BEC001990B0 /* XCRemoteSwiftPackageReference "dd-sdk-ios" */;
			productName = DatadogCrashReporting;
		};
		F39267162DD92BEC001990B0 /* DatadogLogs */ = {
			isa = XCSwiftPackageProductDependency;
			package = F39267112DD92BEC001990B0 /* XCRemoteSwiftPackageReference "dd-sdk-ios" */;
			productName = DatadogLogs;
		};
		F39267182DD92BEC001990B0 /* DatadogRUM */ = {
			isa = XCSwiftPackageProductDependency;
			package = F39267112DD92BEC001990B0 /* XCRemoteSwiftPackageReference "dd-sdk-ios" */;
			productName = DatadogRUM;
		};
/* End XCSwiftPackageProductDependency section */
	};
	rootObject = F3083ECC2DCEA75900CFDCB5 /* Project object */;
}
