<?xml version="1.0" encoding="UTF-8"?>
<Scheme
   LastUpgradeVersion = "1620"
   version = "1.7">
   <BuildAction
      parallelizeBuildables = "YES"
      buildImplicitDependencies = "YES"
      buildArchitectures = "Automatic">
      <BuildActionEntries>
         <BuildActionEntry
            buildForTesting = "YES"
            buildForRunning = "YES"
            buildForProfiling = "YES"
            buildForArchiving = "YES"
            buildForAnalyzing = "YES">
            <BuildableReference
               BuildableIdentifier = "primary"
               BlueprintIdentifier = "F3083ED32DCEA75900CFDCB5"
               BuildableName = "simply-swifty-logging.app"
               BlueprintName = "simply-swifty-logging"
               ReferencedContainer = "container:simply-swifty-logging.xcodeproj">
            </BuildableReference>
         </BuildActionEntry>
      </BuildActionEntries>
   </BuildAction>
   <TestAction
      buildConfiguration = "Debug"
      selectedDebuggerIdentifier = "Xcode.DebuggerFoundation.Debugger.LLDB"
      selectedLauncherIdentifier = "Xcode.DebuggerFoundation.Launcher.LLDB"
      shouldUseLaunchSchemeArgsEnv = "YES"
      shouldAutocreateTestPlan = "YES">
      <Testables>
         <TestableReference
            skipped = "NO"
            parallelizable = "YES">
            <BuildableReference
               BuildableIdentifier = "primary"
               BlueprintIdentifier = "F3083EE32DCEA75A00CFDCB5"
               BuildableName = "simply-swifty-loggingTests.xctest"
               BlueprintName = "simply-swifty-loggingTests"
               ReferencedContainer = "container:simply-swifty-logging.xcodeproj">
            </BuildableReference>
         </TestableReference>
         <TestableReference
            skipped = "NO"
            parallelizable = "YES">
            <BuildableReference
               BuildableIdentifier = "primary"
               BlueprintIdentifier = "F3083EED2DCEA75A00CFDCB5"
               BuildableName = "simply-swifty-loggingUITests.xctest"
               BlueprintName = "simply-swifty-loggingUITests"
               ReferencedContainer = "container:simply-swifty-logging.xcodeproj">
            </BuildableReference>
         </TestableReference>
      </Testables>
   </TestAction>
   <LaunchAction
      buildConfiguration = "Debug"
      selectedDebuggerIdentifier = "Xcode.DebuggerFoundation.Debugger.LLDB"
      selectedLauncherIdentifier = "Xcode.DebuggerFoundation.Launcher.LLDB"
      launchStyle = "0"
      useCustomWorkingDirectory = "NO"
      ignoresPersistentStateOnLaunch = "NO"
      debugDocumentVersioning = "YES"
      debugServiceExtension = "internal"
      allowLocationSimulation = "YES">
      <BuildableProductRunnable
         runnableDebuggingMode = "0">
         <BuildableReference
            BuildableIdentifier = "primary"
            BlueprintIdentifier = "F3083ED32DCEA75900CFDCB5"
            BuildableName = "simply-swifty-logging.app"
            BlueprintName = "simply-swifty-logging"
            ReferencedContainer = "container:simply-swifty-logging.xcodeproj">
         </BuildableReference>
      </BuildableProductRunnable>
      <EnvironmentVariables>
         <EnvironmentVariable
            key = "DATADOG_CLIENT_TOKEN"
            value = "pub28d62b08073738b84c86ac2bb7dfc0c8"
            isEnabled = "YES">
         </EnvironmentVariable>
         <EnvironmentVariable
            key = "DATADOG_APPLICATION_ID"
            value = "ad4f70c6-4947-4aba-83db-1eda66d5b599"
            isEnabled = "YES">
         </EnvironmentVariable>
         <EnvironmentVariable
            key = "DATADOG_ENVIRONMENT"
            value = "development"
            isEnabled = "YES">
         </EnvironmentVariable>
         <EnvironmentVariable
            key = "DATADOG_SERVICE"
            value = "simply-swifty-logging"
            isEnabled = "YES">
         </EnvironmentVariable>
         <EnvironmentVariable
            key = "APPLE_DEVELOPMENT_TEAM"
            value = "BJA9558E4B"
            isEnabled = "YES">
         </EnvironmentVariable>
      </EnvironmentVariables>
   </LaunchAction>
   <ProfileAction
      buildConfiguration = "Release"
      shouldUseLaunchSchemeArgsEnv = "YES"
      savedToolIdentifier = ""
      useCustomWorkingDirectory = "NO"
      debugDocumentVersioning = "YES">
      <BuildableProductRunnable
         runnableDebuggingMode = "0">
         <BuildableReference
            BuildableIdentifier = "primary"
            BlueprintIdentifier = "F3083ED32DCEA75900CFDCB5"
            BuildableName = "simply-swifty-logging.app"
            BlueprintName = "simply-swifty-logging"
            ReferencedContainer = "container:simply-swifty-logging.xcodeproj">
         </BuildableReference>
      </BuildableProductRunnable>
   </ProfileAction>
   <AnalyzeAction
      buildConfiguration = "Debug">
   </AnalyzeAction>
   <ArchiveAction
      buildConfiguration = "Release"
      revealArchiveInOrganizer = "YES">
   </ArchiveAction>
</Scheme>
